
Microsoft Visual Studio Solution File, Format Version 12.00
Project("{FAE04EC0-301F-11D3-BF4B-00C04F79EFBC}") = "Dimmy.Sitecore.Plugin", "Dimmy.Sitecore.Plugin\Dimmy.Sitecore.Plugin.csproj", "{E6315873-34A8-410C-8DE5-8224B1BC8DFA}"
EndProject
Project("{FAE04EC0-301F-11D3-BF4B-00C04F79EFBC}") = "Dimmy.Cli", "..\..\Dimmy\src\Dimmy.Cli\Dimmy.Cli.csproj", "{389A5467-A026-4A03-811A-C6D9592AF382}"
EndProject
Global
	GlobalSection(SolutionConfigurationPlatforms) = preSolution
		Debug|Any CPU = Debug|Any CPU
		Release|Any CPU = Release|Any CPU
	EndGlobalSection
	GlobalSection(ProjectConfigurationPlatforms) = postSolution
		{E6315873-34A8-410C-8DE5-8224B1BC8DFA}.Debug|Any CPU.ActiveCfg = Debug|Any CPU
		{E6315873-34A8-410C-8DE5-8224B1BC8DFA}.Debug|Any CPU.Build.0 = Debug|Any CPU
		{E6315873-34A8-410C-8DE5-8224B1BC8DFA}.Release|Any CPU.ActiveCfg = Release|Any CPU
		{E6315873-34A8-410C-8DE5-8224B1BC8DFA}.Release|Any CPU.Build.0 = Release|Any CPU
		{389A5467-A026-4A03-811A-C6D9592AF382}.Debug|Any CPU.ActiveCfg = Debug|Any CPU
		{389A5467-A026-4A03-811A-C6D9592AF382}.Debug|Any CPU.Build.0 = Debug|Any CPU
		{389A5467-A026-4A03-811A-C6D9592AF382}.Release|Any CPU.ActiveCfg = Release|Any CPU
		{389A5467-A026-4A03-811A-C6D9592AF382}.Release|Any CPU.Build.0 = Release|Any CPU
	EndGlobalSection
EndGlobal
